Microsoft Visual Studio Solution File, Format Version 12.00
# Visual Studio Version 17
VisualStudioVersion = 17.5.2.0
MinimumVisualStudioVersion = 10.0.40219.1
Project("{FAE04EC0-301F-11D3-BF4B-00C04F79EFBC}") = "estructuradedatos", "estructuradedatos.csproj", "{14206C48-92AF-D0DD-6EF2-16F729B5BDEE}"
EndProject
Global
	GlobalSection(SolutionConfigurationPlatforms) = preSolution
		Debug|Any CPU = Debug|Any CPU
		Release|Any CPU = Release|Any CPU
	EndGlobalSection
	GlobalSection(ProjectConfigurationPlatforms) = postSolution
		{14206C48-92AF-D0DD-6EF2-16F729B5BDEE}.Debug|Any CPU.ActiveCfg = Debug|Any CPU
		{14206C48-92AF-D0DD-6EF2-16F729B5BDEE}.Debug|Any CPU.Build.0 = Debug|Any CPU
		{14206C48-92AF-D0DD-6EF2-16F729B5BDEE}.Release|Any CPU.ActiveCfg = Release|Any CPU
		{14206C48-92AF-D0DD-6EF2-16F729B5BDEE}.Release|Any CPU.Build.0 = Release|Any CPU
	EndGlobalSection
	GlobalSection(SolutionProperties) = preSolution
		HideSolutionNode = FALSE
	EndGlobalSection
	GlobalSection(ExtensibilityGlobals) = postSolution
		SolutionGuid = {658469A3-9812-4D83-8E25-C560A155BCB0}
	EndGlobalSection
EndGlobal
